Microsoft Visual Studio Solution File, Format Version 10.00
# Visual Studio 2008
Project("{2150E333-8FDC-42A3-9474-1A3956D46DE8}") = "Solution Items", "Solution Items", "{531F3400-C0FA-44D8-AA28-9C144DEE198D}"
	ProjectSection(SolutionItems) = preProject
		Core\License.txt = Core\License.txt
		Core\Readme.txt = Core\Readme.txt
		Core\TODO.txt = Core\TODO.txt
		..\WatiN.build = ..\WatiN.build
	EndProjectSection
EndProject
Project("{FAE04EC0-301F-11D3-BF4B-00C04F79EFBC}") = "Core", "Core\Core.csproj", "{217E2D34-F6DF-431B-AC5A-B368F481A530}"
EndProject
Project("{FAE04EC0-301F-11D3-BF4B-00C04F79EFBC}") = "UnitTests", "UnitTests\UnitTests.csproj", "{D6E231B3-28D9-4F73-9586-738FB528B4DB}"
EndProject
Project("{E24C65DC-7377-472B-9ABA-BC803B73C61A}") = "website", "..\website\", "{C6BC7787-E74A-4AB5-A4DA-7CA89993D356}"
	ProjectSection(WebsiteProperties) = preProject
		TargetFramework = "2.0"
		Debug.AspNetCompiler.VirtualPath = "/website"
		Debug.AspNetCompiler.PhysicalPath = "..\website\"
		Debug.AspNetCompiler.TargetPath = "PrecompiledWeb\website\"
		Debug.AspNetCompiler.Updateable = "true"
		Debug.AspNetCompiler.ForceOverwrite = "true"
		Debug.AspNetCompiler.FixedNames = "false"
		Debug.AspNetCompiler.Debug = "True"
		Release.AspNetCompiler.VirtualPath = "/website"
		Release.AspNetCompiler.PhysicalPath = "..\website\"
		Release.AspNetCompiler.TargetPath = "PrecompiledWeb\website\"
		Release.AspNetCompiler.Updateable = "true"
		Release.AspNetCompiler.ForceOverwrite = "true"
		Release.AspNetCompiler.FixedNames = "false"
		Release.AspNetCompiler.Debug = "False"
		VWDPort = "58029"
	EndProjectSection
EndProject
Project("{2150E333-8FDC-42A3-9474-1A3956D46DE8}") = "Website", "Website", "{B24130C6-C3A6-4CD8-B2F9-D8B29F41A193}"
EndProject
Global
	GlobalSection(SolutionConfigurationPlatforms) = preSolution
		AutomatedDebug|.NET = AutomatedDebug|.NET
		AutomatedDebug|Any CPU = AutomatedDebug|Any CPU
		AutomatedDebug|Mixed Platforms = AutomatedDebug|Mixed Platforms
		Debug|.NET = Debug|.NET
		Debug|Any CPU = Debug|Any CPU
		Debug|Mixed Platforms = Debug|Mixed Platforms
		Release|.NET = Release|.NET
		Release|Any CPU = Release|Any CPU
		Release|Mixed Platforms = Release|Mixed Platforms
	EndGlobalSection
	GlobalSection(ProjectConfigurationPlatforms) = postSolution
		{217E2D34-F6DF-431B-AC5A-B368F481A530}.AutomatedDebug|.NET.ActiveCfg = AutomatedDebug|Any CPU
		{217E2D34-F6DF-431B-AC5A-B368F481A530}.AutomatedDebug|Any CPU.ActiveCfg = AutomatedDebug|Any CPU
		{217E2D34-F6DF-431B-AC5A-B368F481A530}.AutomatedDebug|Any CPU.Build.0 = AutomatedDebug|Any CPU
		{217E2D34-F6DF-431B-AC5A-B368F481A530}.AutomatedDebug|Mixed Platforms.ActiveCfg = AutomatedDebug|Any CPU
		{217E2D34-F6DF-431B-AC5A-B368F481A530}.AutomatedDebug|Mixed Platforms.Build.0 = AutomatedDebug|Any CPU
		{217E2D34-F6DF-431B-AC5A-B368F481A530}.Debug|.NET.ActiveCfg = Debug|Any CPU
		{217E2D34-F6DF-431B-AC5A-B368F481A530}.Debug|Any CPU.ActiveCfg = Debug|Any CPU
		{217E2D34-F6DF-431B-AC5A-B368F481A530}.Debug|Any CPU.Build.0 = Debug|Any CPU
		{217E2D34-F6DF-431B-AC5A-B368F481A530}.Debug|Mixed Platforms.ActiveCfg = Debug|Any CPU
		{217E2D34-F6DF-431B-AC5A-B368F481A530}.Debug|Mixed Platforms.Build.0 = Debug|Any CPU
		{217E2D34-F6DF-431B-AC5A-B368F481A530}.Release|.NET.ActiveCfg = Release|Any CPU
		{217E2D34-F6DF-431B-AC5A-B368F481A530}.Release|Any CPU.ActiveCfg = Release|Any CPU
		{217E2D34-F6DF-431B-AC5A-B368F481A530}.Release|Any CPU.Build.0 = Release|Any CPU
		{217E2D34-F6DF-431B-AC5A-B368F481A530}.Release|Mixed Platforms.ActiveCfg = Release|Any CPU
		{217E2D34-F6DF-431B-AC5A-B368F481A530}.Release|Mixed Platforms.Build.0 = Release|Any CPU
		{D6E231B3-28D9-4F73-9586-738FB528B4DB}.AutomatedDebug|.NET.ActiveCfg = Debug|Any CPU
		{D6E231B3-28D9-4F73-9586-738FB528B4DB}.AutomatedDebug|Any CPU.ActiveCfg = Debug|Any CPU
		{D6E231B3-28D9-4F73-9586-738FB528B4DB}.AutomatedDebug|Any CPU.Build.0 = Debug|Any CPU
		{D6E231B3-28D9-4F73-9586-738FB528B4DB}.AutomatedDebug|Mixed Platforms.ActiveCfg = Debug|Any CPU
		{D6E231B3-28D9-4F73-9586-738FB528B4DB}.AutomatedDebug|Mixed Platforms.Build.0 = Debug|Any CPU
		{D6E231B3-28D9-4F73-9586-738FB528B4DB}.Debug|.NET.ActiveCfg = Debug|Any CPU
		{D6E231B3-28D9-4F73-9586-738FB528B4DB}.Debug|Any CPU.ActiveCfg = Debug|Any CPU
		{D6E231B3-28D9-4F73-9586-738FB528B4DB}.Debug|Any CPU.Build.0 = Debug|Any CPU
		{D6E231B3-28D9-4F73-9586-738FB528B4DB}.Debug|Mixed Platforms.ActiveCfg = Debug|Any CPU
		{D6E231B3-28D9-4F73-9586-738FB528B4DB}.Debug|Mixed Platforms.Build.0 = Debug|Any CPU
		{D6E231B3-28D9-4F73-9586-738FB528B4DB}.Release|.NET.ActiveCfg = Release|Any CPU
		{D6E231B3-28D9-4F73-9586-738FB528B4DB}.Release|Any CPU.ActiveCfg = Release|Any CPU
		{D6E231B3-28D9-4F73-9586-738FB528B4DB}.Release|Any CPU.Build.0 = Release|Any CPU
		{D6E231B3-28D9-4F73-9586-738FB528B4DB}.Release|Mixed Platforms.ActiveCfg = Release|Any CPU
		{D6E231B3-28D9-4F73-9586-738FB528B4DB}.Release|Mixed Platforms.Build.0 = Release|Any CPU
		{C6BC7787-E74A-4AB5-A4DA-7CA89993D356}.AutomatedDebug|.NET.ActiveCfg = Debug|.NET
		{C6BC7787-E74A-4AB5-A4DA-7CA89993D356}.AutomatedDebug|.NET.Build.0 = Debug|.NET
		{C6BC7787-E74A-4AB5-A4DA-7CA89993D356}.AutomatedDebug|Any CPU.ActiveCfg = Debug|.NET
		{C6BC7787-E74A-4AB5-A4DA-7CA89993D356}.AutomatedDebug|Mixed Platforms.ActiveCfg = Debug|.NET
		{C6BC7787-E74A-4AB5-A4DA-7CA89993D356}.AutomatedDebug|Mixed Platforms.Build.0 = Debug|.NET
		{C6BC7787-E74A-4AB5-A4DA-7CA89993D356}.Debug|.NET.ActiveCfg = Debug|.NET
		{C6BC7787-E74A-4AB5-A4DA-7CA89993D356}.Debug|.NET.Build.0 = Debug|.NET
		{C6BC7787-E74A-4AB5-A4DA-7CA89993D356}.Debug|Any CPU.ActiveCfg = Debug|.NET
		{C6BC7787-E74A-4AB5-A4DA-7CA89993D356}.Debug|Mixed Platforms.ActiveCfg = Debug|.NET
		{C6BC7787-E74A-4AB5-A4DA-7CA89993D356}.Debug|Mixed Platforms.Build.0 = Debug|.NET
		{C6BC7787-E74A-4AB5-A4DA-7CA89993D356}.Release|.NET.ActiveCfg = Debug|.NET
		{C6BC7787-E74A-4AB5-A4DA-7CA89993D356}.Release|.NET.Build.0 = Debug|.NET
		{C6BC7787-E74A-4AB5-A4DA-7CA89993D356}.Release|Any CPU.ActiveCfg = Debug|.NET
		{C6BC7787-E74A-4AB5-A4DA-7CA89993D356}.Release|Mixed Platforms.ActiveCfg = Debug|.NET
		{C6BC7787-E74A-4AB5-A4DA-7CA89993D356}.Release|Mixed Platforms.Build.0 = Debug|.NET
	EndGlobalSection
	GlobalSection(SolutionProperties) = preSolution
		HideSolutionNode = FALSE
	EndGlobalSection
	GlobalSection(NestedProjects) = preSolution
		{C6BC7787-E74A-4AB5-A4DA-7CA89993D356} = {B24130C6-C3A6-4CD8-B2F9-D8B29F41A193}
	EndGlobalSection
EndGlobal
